// !$*UTF8*$!
{
	archiveVersion = 1;
	classes = {
	};
	objectVersion = 52;
	objects = {

/* Begin PBXBuildFile section */
		3B8FBF7E263D8A180041E7F1 /* rorschach_exampleApp.swift in Sources */ = {isa = PBXBuildFile; fileRef = 3B8FBF7D263D8A180041E7F1 /* rorschach_exampleApp.swift */; };
		3B8FBF80263D8A180041E7F1 /* ContentView.swift in Sources */ = {isa = PBXBuildFile; fileRef = 3B8FBF7F263D8A180041E7F1 /* ContentView.swift */; };
		3B8FBF82263D8A190041E7F1 /* Assets.xcassets in Resources */ = {isa = PBXBuildFile; fileRef = 3B8FBF81263D8A190041E7F1 /* Assets.xcassets */; };
		3B8FBF85263D8A190041E7F1 /* Preview Assets.xcassets in Resources */ = {isa = PBXBuildFile; fileRef = 3B8FBF84263D8A190041E7F1 /* Preview Assets.xcassets */; };
		3B8FBF90263D8A190041E7F1 /* rorschach_exampleTests.swift in Sources */ = {isa = PBXBuildFile; fileRef = 3B8FBF8F263D8A190041E7F1 /* rorschach_exampleTests.swift */; };
		3B8FBF9B263D8A190041E7F1 /* rorschach_exampleUITests.swift in Sources */ = {isa = PBXBuildFile; fileRef = 3B8FBF9A263D8A190041E7F1 /* rorschach_exampleUITests.swift */; };
		3B8FBFAA263D8A6F0041E7F1 /* Rorschach in Frameworks */ = {isa = PBXBuildFile; productRef = 3B8FBFA9263D8A6F0041E7F1 /* Rorschach */; };
/* End PBXBuildFile section */

/* Begin PBXContainerItemProxy section */
		3B8FBF8C263D8A190041E7F1 /* PBXContainerItemProxy */ = {
			isa = PBXContainerItemProxy;
			containerPortal = 3B8FBF72263D8A180041E7F1 /* Project object */;
			proxyType = 1;
			remoteGlobalIDString = 3B8FBF79263D8A180041E7F1;
			remoteInfo = "rorschach-example";
		};
		3B8FBF97263D8A190041E7F1 /* PBXContainerItemProxy */ = {
			isa = PBXContainerItemProxy;
			containerPortal = 3B8FBF72263D8A180041E7F1 /* Project object */;
			proxyType = 1;
			remoteGlobalIDString = 3B8FBF79263D8A180041E7F1;
			remoteInfo = "rorschach-example";
		};
/* End PBXContainerItemProxy section */

/* Begin PBXFileReference section */
		3B8FBF7A263D8A180041E7F1 /* rorschach-example.app */ = {isa = PBXFileReference; explicitFileType = wrapper.application; includeInIndex = 0; path = "rorschach-example.app"; sourceTree = BUILT_PRODUCTS_DIR; };
		3B8FBF7D263D8A180041E7F1 /* rorschach_exampleApp.swift */ = {isa = PBXFileReference; lastKnownFileType = sourcecode.swift; path = rorschach_exampleApp.swift; sourceTree = "<group>"; };
		3B8FBF7F263D8A180041E7F1 /* ContentView.swift */ = {isa = PBXFileReference; lastKnownFileType = sourcecode.swift; path = ContentView.swift; sourceTree = "<group>"; };
		3B8FBF81263D8A190041E7F1 /* Assets.xcassets */ = {isa = PBXFileReference; lastKnownFileType = folder.assetcatalog; path = Assets.xcassets; sourceTree = "<group>"; };
		3B8FBF84263D8A190041E7F1 /* Preview Assets.xcassets */ = {isa = PBXFileReference; lastKnownFileType = folder.assetcatalog; path = "Preview Assets.xcassets"; sourceTree = "<group>"; };
		3B8FBF86263D8A190041E7F1 /* Info.plist */ = {isa = PBXFileReference; lastKnownFileType = text.plist.xml; path = Info.plist; sourceTree = "<group>"; };
		3B8FBF8B263D8A190041E7F1 /* rorschach-exampleTests.xctest */ = {isa = PBXFileReference; explicitFileType = wrapper.cfbundle; includeInIndex = 0; path = "rorschach-exampleTests.xctest"; sourceTree = BUILT_PRODUCTS_DIR; };
		3B8FBF8F263D8A190041E7F1 /* rorschach_exampleTests.swift */ = {isa = PBXFileReference; lastKnownFileType = sourcecode.swift; path = rorschach_exampleTests.swift; sourceTree = "<group>"; };
		3B8FBF91263D8A190041E7F1 /* Info.plist */ = {isa = PBXFileReference; lastKnownFileType = text.plist.xml; path = Info.plist; sourceTree = "<group>"; };
		3B8FBF96263D8A190041E7F1 /* rorschach-exampleUITests.xctest */ = {isa = PBXFileReference; explicitFileType = wrapper.cfbundle; includeInIndex = 0; path = "rorschach-exampleUITests.xctest"; sourceTree = BUILT_PRODUCTS_DIR; };
		3B8FBF9A263D8A190041E7F1 /* rorschach_exampleUITests.swift */ = {isa = PBXFileReference; lastKnownFileType = sourcecode.swift; path = rorschach_exampleUITests.swift; sourceTree = "<group>"; };
		3B8FBF9C263D8A190041E7F1 /* Info.plist */ = {isa = PBXFileReference; lastKnownFileType = text.plist.xml; path = Info.plist; sourceTree = "<group>"; };
/* End PBXFileReference section */

/* Begin PBXFrameworksBuildPhase section */
		3B8FBF77263D8A180041E7F1 /* Frameworks */ = {
			isa = PBXFrameworksBuildPhase;
			buildActionMask = 2147483647;
			files = (
			);
			runOnlyForDeploymentPostprocessing = 0;
		};
		3B8FBF88263D8A190041E7F1 /* Frameworks */ = {
			isa = PBXFrameworksBuildPhase;
			buildActionMask = 2147483647;
			files = (
			);
			runOnlyForDeploymentPostprocessing = 0;
		};
		3B8FBF93263D8A190041E7F1 /* Frameworks */ = {
			isa = PBXFrameworksBuildPhase;
			buildActionMask = 2147483647;
			files = (
				3B8FBFAA263D8A6F0041E7F1 /* Rorschach in Frameworks */,
			);
			runOnlyForDeploymentPostprocessing = 0;
		};
/* End PBXFrameworksBuildPhase section */

/* Begin PBXGroup section */
		3B8FBF71263D8A180041E7F1 = {
			isa = PBXGroup;
			children = (
				3B8FBF7C263D8A180041E7F1 /* rorschach-example */,
				3B8FBF8E263D8A190041E7F1 /* rorschach-exampleTests */,
				3B8FBF99263D8A190041E7F1 /* rorschach-exampleUITests */,
				3B8FBF7B263D8A180041E7F1 /* Products */,
			);
			sourceTree = "<group>";
		};
		3B8FBF7B263D8A180041E7F1 /* Products */ = {
			isa = PBXGroup;
			children = (
				3B8FBF7A263D8A180041E7F1 /* rorschach-example.app */,
				3B8FBF8B263D8A190041E7F1 /* rorschach-exampleTests.xctest */,
				3B8FBF96263D8A190041E7F1 /* rorschach-exampleUITests.xctest */,
			);
			name = Products;
			sourceTree = "<group>";
		};
		3B8FBF7C263D8A180041E7F1 /* rorschach-example */ = {
			isa = PBXGroup;
			children = (
				3B8FBF7D263D8A180041E7F1 /* rorschach_exampleApp.swift */,
				3B8FBF7F263D8A180041E7F1 /* ContentView.swift */,
				3B8FBF81263D8A190041E7F1 /* Assets.xcassets */,
				3B8FBF86263D8A190041E7F1 /* Info.plist */,
				3B8FBF83263D8A190041E7F1 /* Preview Content */,
			);
			path = "rorschach-example";
			sourceTree = "<group>";
		};
		3B8FBF83263D8A190041E7F1 /* Preview Content */ = {
			isa = PBXGroup;
			children = (
				3B8FBF84263D8A190041E7F1 /* Preview Assets.xcassets */,
			);
			path = "Preview Content";
			sourceTree = "<group>";
		};
		3B8FBF8E263D8A190041E7F1 /* rorschach-exampleTests */ = {
			isa = PBXGroup;
			children = (
				3B8FBF8F263D8A190041E7F1 /* rorschach_exampleTests.swift */,
				3B8FBF91263D8A190041E7F1 /* Info.plist */,
			);
			path = "rorschach-exampleTests";
			sourceTree = "<group>";
		};
		3B8FBF99263D8A190041E7F1 /* rorschach-exampleUITests */ = {
			isa = PBXGroup;
			children = (
				3B8FBF9A263D8A190041E7F1 /* rorschach_exampleUITests.swift */,
				3B8FBF9C263D8A190041E7F1 /* Info.plist */,
			);
			path = "rorschach-exampleUITests";
			sourceTree = "<group>";
		};
/* End PBXGroup section */

/* Begin PBXNativeTarget section */
		3B8FBF79263D8A180041E7F1 /* rorschach-example */ = {
			isa = PBXNativeTarget;
			buildConfigurationList = 3B8FBF9F263D8A190041E7F1 /* Build configuration list for PBXNativeTarget "rorschach-example" */;
			buildPhases = (
				3B8FBF76263D8A180041E7F1 /* Sources */,
				3B8FBF77263D8A180041E7F1 /* Frameworks */,
				3B8FBF78263D8A180041E7F1 /* Resources */,
			);
			buildRules = (
			);
			dependencies = (
			);
			name = "rorschach-example";
			productName = "rorschach-example";
			productReference = 3B8FBF7A263D8A180041E7F1 /* rorschach-example.app */;
			productType = "com.apple.product-type.application";
		};
		3B8FBF8A263D8A190041E7F1 /* rorschach-exampleTests */ = {
			isa = PBXNativeTarget;
			buildConfigurationList = 3B8FBFA2263D8A190041E7F1 /* Build configuration list for PBXNativeTarget "rorschach-exampleTests" */;
			buildPhases = (
				3B8FBF87263D8A190041E7F1 /* Sources */,
				3B8FBF88263D8A190041E7F1 /* Frameworks */,
				3B8FBF89263D8A190041E7F1 /* Resources */,
			);
			buildRules = (
			);
			dependencies = (
				3B8FBF8D263D8A190041E7F1 /* PBXTargetDependency */,
			);
			name = "rorschach-exampleTests";
			productName = "rorschach-exampleTests";
			productReference = 3B8FBF8B263D8A190041E7F1 /* rorschach-exampleTests.xctest */;
			productType = "com.apple.product-type.bundle.unit-test";
		};
		3B8FBF95263D8A190041E7F1 /* rorschach-exampleUITests */ = {
			isa = PBXNativeTarget;
			buildConfigurationList = 3B8FBFA5263D8A190041E7F1 /* Build configuration list for PBXNativeTarget "rorschach-exampleUITests" */;
			buildPhases = (
				3B8FBF92263D8A190041E7F1 /* Sources */,
				3B8FBF93263D8A190041E7F1 /* Frameworks */,
				3B8FBF94263D8A190041E7F1 /* Resources */,
			);
			buildRules = (
			);
			dependencies = (
				3B8FBF98263D8A190041E7F1 /* PBXTargetDependency */,
			);
			name = "rorschach-exampleUITests";
			packageProductDependencies = (
				3B8FBFA9263D8A6F0041E7F1 /* Rorschach */,
			);
			productName = "rorschach-exampleUITests";
			productReference = 3B8FBF96263D8A190041E7F1 /* rorschach-exampleUITests.xctest */;
			productType = "com.apple.product-type.bundle.ui-testing";
		};
/* End PBXNativeTarget section */

/* Begin PBXProject section */
		3B8FBF72263D8A180041E7F1 /* Project object */ = {
			isa = PBXProject;
			attributes = {
				LastSwiftUpdateCheck = 1250;
				LastUpgradeCheck = 1250;
				TargetAttributes = {
					3B8FBF79263D8A180041E7F1 = {
						CreatedOnToolsVersion = 12.5;
					};
					3B8FBF8A263D8A190041E7F1 = {
						CreatedOnToolsVersion = 12.5;
						TestTargetID = 3B8FBF79263D8A180041E7F1;
					};
					3B8FBF95263D8A190041E7F1 = {
						CreatedOnToolsVersion = 12.5;
						TestTargetID = 3B8FBF79263D8A180041E7F1;
					};
				};
			};
			buildConfigurationList = 3B8FBF75263D8A180041E7F1 /* Build configuration list for PBXProject "rorschach-example" */;
			compatibilityVersion = "Xcode 9.3";
			developmentRegion = en;
			hasScannedForEncodings = 0;
			knownRegions = (
				en,
				Base,
			);
			mainGroup = 3B8FBF71263D8A180041E7F1;
			packageReferences = (
				3B8FBFA8263D8A6F0041E7F1 /* XCRemoteSwiftPackageReference "rorschach" */,
			);
			productRefGroup = 3B8FBF7B263D8A180041E7F1 /* Products */;
			projectDirPath = "";
			projectRoot = "";
			targets = (
				3B8FBF79263D8A180041E7F1 /* rorschach-example */,
				3B8FBF8A263D8A190041E7F1 /* rorschach-exampleTests */,
				3B8FBF95263D8A190041E7F1 /* rorschach-exampleUITests */,
			);
		};
/* End PBXProject section */

/* Begin PBXResourcesBuildPhase section */
		3B8FBF78263D8A180041E7F1 /* Resources */ = {
			isa = PBXResourcesBuildPhase;
			buildActionMask = 2147483647;
			files = (
				3B8FBF85263D8A190041E7F1 /* Preview Assets.xcassets in Resources */,
				3B8FBF82263D8A190041E7F1 /* Assets.xcassets in Resources */,
			);
			runOnlyForDeploymentPostprocessing = 0;
		};
		3B8FBF89263D8A190041E7F1 /* Resources */ = {
			isa = PBXResourcesBuildPhase;
			buildActionMask = 2147483647;
			files = (
			);
			runOnlyForDeploymentPostprocessing = 0;
		};
		3B8FBF94263D8A190041E7F1 /* Resources */ = {
			isa = PBXResourcesBuildPhase;
			buildActionMask = 2147483647;
			files = (
			);
			runOnlyForDeploymentPostprocessing = 0;
		};
/* End PBXResourcesBuildPhase section */

/* Begin PBXSourcesBuildPhase section */
		3B8FBF76263D8A180041E7F1 /* Sources */ = {
			isa = PBXSourcesBuildPhase;
			buildActionMask = 2147483647;
			files = (
				3B8FBF80263D8A180041E7F1 /* ContentView.swift in Sources */,
				3B8FBF7E263D8A180041E7F1 /* rorschach_exampleApp.swift in Sources */,
			);
			runOnlyForDeploymentPostprocessing = 0;
		};
		3B8FBF87263D8A190041E7F1 /* Sources */ = {
			isa = PBXSourcesBuildPhase;
			buildActionMask = 2147483647;
			files = (
				3B8FBF90263D8A190041E7F1 /* rorschach_exampleTests.swift in Sources */,
			);
			runOnlyForDeploymentPostprocessing = 0;
		};
		3B8FBF92263D8A190041E7F1 /* Sources */ = {
			isa = PBXSourcesBuildPhase;
			buildActionMask = 2147483647;
			files = (
				3B8FBF9B263D8A190041E7F1 /* rorschach_exampleUITests.swift in Sources */,
			);
			runOnlyForDeploymentPostprocessing = 0;
		};
/* End PBXSourcesBuildPhase section */

/* Begin PBXTargetDependency section */
		3B8FBF8D263D8A190041E7F1 /* PBXTargetDependency */ = {
			isa = PBXTargetDependency;
			target = 3B8FBF79263D8A180041E7F1 /* rorschach-example */;
			targetProxy = 3B8FBF8C263D8A190041E7F1 /* PBXContainerItemProxy */;
		};
		3B8FBF98263D8A190041E7F1 /* PBXTargetDependency */ = {
			isa = PBXTargetDependency;
			target = 3B8FBF79263D8A180041E7F1 /* rorschach-example */;
			targetProxy = 3B8FBF97263D8A190041E7F1 /* PBXContainerItemProxy */;
		};
/* End PBXTargetDependency section */

/* Begin XCBuildConfiguration section */
		3B8FBF9D263D8A190041E7F1 /* Debug */ = {
			isa = XCBuildConfiguration;
			buildSettings = {
				ALWAYS_SEARCH_USER_PATHS = NO;
				CLANG_ANALYZER_NONNULL = YES;
				CLANG_ANALYZER_NUMBER_OBJECT_CONVERSION = YES_AGGRESSIVE;
				CLANG_CXX_LANGUAGE_STANDARD = "gnu++14";
				CLANG_CXX_LIBRARY = "libc++";
				CLANG_ENABLE_MODULES = YES;
				CLANG_ENABLE_OBJC_ARC = YES;
				CLANG_ENABLE_OBJC_WEAK = YES;
				CLANG_WARN_BLOCK_CAPTURE_AUTORELEASING = YES;
				CLANG_WARN_BOOL_CONVERSION = YES;
				CLANG_WARN_COMMA = YES;
				CLANG_WARN_CONSTANT_CONVERSION = YES;
				CLANG_WARN_DEPRECATED_OBJC_IMPLEMENTATIONS = YES;
				CLANG_WARN_DIRECT_OBJC_ISA_USAGE = YES_ERROR;
				CLANG_WARN_DOCUMENTATION_COMMENTS = YES;
				CLANG_WARN_EMPTY_BODY = YES;
				CLANG_WARN_ENUM_CONVERSION = YES;
				CLANG_WARN_INFINITE_RECURSION = YES;
				CLANG_WARN_INT_CONVERSION = YES;
				CLANG_WARN_NON_LITERAL_NULL_CONVERSION = YES;
				CLANG_WARN_OBJC_IMPLICIT_RETAIN_SELF = YES;
				CLANG_WARN_OBJC_LITERAL_CONVERSION = YES;
				CLANG_WARN_OBJC_ROOT_CLASS = YES_ERROR;
				CLANG_WARN_QUOTED_INCLUDE_IN_FRAMEWORK_HEADER = YES;
				CLANG_WARN_RANGE_LOOP_ANALYSIS = YES;
				CLANG_WARN_STRICT_PROTOTYPES = YES;
				CLANG_WARN_SUSPICIOUS_MOVE = YES;
				CLANG_WARN_UNGUARDED_AVAILABILITY = YES_AGGRESSIVE;
				CLANG_WARN_UNREACHABLE_CODE = YES;
				CLANG_WARN__DUPLICATE_METHOD_MATCH = YES;
				COPY_PHASE_STRIP = NO;
				DEBUG_INFORMATION_FORMAT = dwarf;
				ENABLE_STRICT_OBJC_MSGSEND = YES;
				ENABLE_TESTABILITY = YES;
				GCC_C_LANGUAGE_STANDARD = gnu11;
				GCC_DYNAMIC_NO_PIC = NO;
				GCC_NO_COMMON_BLOCKS = YES;
				GCC_OPTIMIZATION_LEVEL = 0;
				GCC_PREPROCESSOR_DEFINITIONS = (
					"DEBUG=1",
					"$(inherited)",
				);
				GCC_WARN_64_TO_32_BIT_CONVERSION = YES;
				GCC_WARN_ABOUT_RETURN_TYPE = YES_ERROR;
				GCC_WARN_UNDECLARED_SELECTOR = YES;
				GCC_WARN_UNINITIALIZED_AUTOS = YES_AGGRESSIVE;
				GCC_WARN_UNUSED_FUNCTION = YES;
				GCC_WARN_UNUSED_VARIABLE = YES;
				IPHONEOS_DEPLOYMENT_TARGET = 14.5;
				MTL_ENABLE_DEBUG_INFO = INCLUDE_SOURCE;
				MTL_FAST_MATH = YES;
				ONLY_ACTIVE_ARCH = YES;
				SDKROOT = iphoneos;
				SWIFT_ACTIVE_COMPILATION_CONDITIONS = DEBUG;
				SWIFT_OPTIMIZATION_LEVEL = "-Onone";
			};
			name = Debug;
		};
		3B8FBF9E263D8A190041E7F1 /* Release */ = {
			isa = XCBuildConfiguration;
			buildSettings = {
				ALWAYS_SEARCH_USER_PATHS = NO;
				CLANG_ANALYZER_NONNULL = YES;
				CLANG_ANALYZER_NUMBER_OBJECT_CONVERSION = YES_AGGRESSIVE;
				CLANG_CXX_LANGUAGE_STANDARD = "gnu++14";
				CLANG_CXX_LIBRARY = "libc++";
				CLANG_ENABLE_MODULES = YES;
				CLANG_ENABLE_OBJC_ARC = YES;
				CLANG_ENABLE_OBJC_WEAK = YES;
				CLANG_WARN_BLOCK_CAPTURE_AUTORELEASING = YES;
				CLANG_WARN_BOOL_CONVERSION = YES;
				CLANG_WARN_COMMA = YES;
				CLANG_WARN_CONSTANT_CONVERSION = YES;
				CLANG_WARN_DEPRECATED_OBJC_IMPLEMENTATIONS = YES;
				CLANG_WARN_DIRECT_OBJC_ISA_USAGE = YES_ERROR;
				CLANG_WARN_DOCUMENTATION_COMMENTS = YES;
				CLANG_WARN_EMPTY_BODY = YES;
				CLANG_WARN_ENUM_CONVERSION = YES;
				CLANG_WARN_INFINITE_RECURSION = YES;
				CLANG_WARN_INT_CONVERSION = YES;
				CLANG_WARN_NON_LITERAL_NULL_CONVERSION = YES;
				CLANG_WARN_OBJC_IMPLICIT_RETAIN_SELF = YES;
				CLANG_WARN_OBJC_LITERAL_CONVERSION = YES;
				CLANG_WARN_OBJC_ROOT_CLASS = YES_ERROR;
				CLANG_WARN_QUOTED_INCLUDE_IN_FRAMEWORK_HEADER = YES;
				CLANG_WARN_RANGE_LOOP_ANALYSIS = YES;
				CLANG_WARN_STRICT_PROTOTYPES = YES;
				CLANG_WARN_SUSPICIOUS_MOVE = YES;
				CLANG_WARN_UNGUARDED_AVAILABILITY = YES_AGGRESSIVE;
				CLANG_WARN_UNREACHABLE_CODE = YES;
				CLANG_WARN__DUPLICATE_METHOD_MATCH = YES;
				COPY_PHASE_STRIP = NO;
				DEBUG_INFORMATION_FORMAT = "dwarf-with-dsym";
				ENABLE_NS_ASSERTIONS = NO;
				ENABLE_STRICT_OBJC_MSGSEND = YES;
				GCC_C_LANGUAGE_STANDARD = gnu11;
				GCC_NO_COMMON_BLOCKS = YES;
				GCC_WARN_64_TO_32_BIT_CONVERSION = YES;
				GCC_WARN_ABOUT_RETURN_TYPE = YES_ERROR;
				GCC_WARN_UNDECLARED_SELECTOR = YES;
				GCC_WARN_UNINITIALIZED_AUTOS = YES_AGGRESSIVE;
				GCC_WARN_UNUSED_FUNCTION = YES;
				GCC_WARN_UNUSED_VARIABLE = YES;
				IPHONEOS_DEPLOYMENT_TARGET = 14.5;
				MTL_ENABLE_DEBUG_INFO = NO;
				MTL_FAST_MATH = YES;
				SDKROOT = iphoneos;
				SWIFT_COMPILATION_MODE = wholemodule;
				SWIFT_OPTIMIZATION_LEVEL = "-O";
				VALIDATE_PRODUCT = YES;
			};
			name = Release;
		};
		3B8FBFA0263D8A190041E7F1 /* Debug */ = {
			isa = XCBuildConfiguration;
			buildSettings = {
				ASSETCATALOG_COMPILER_APPICON_NAME = AppIcon;
				ASSETCATALOG_COMPILER_GLOBAL_ACCENT_COLOR_NAME = AccentColor;
				CODE_SIGN_STYLE = Automatic;
				DEVELOPMENT_ASSET_PATHS = "\"rorschach-example/Preview Content\"";
				ENABLE_PREVIEWS = YES;
				INFOPLIST_FILE = "rorschach-example/Info.plist";
				IPHONEOS_DEPLOYMENT_TARGET = 14.0;
				LD_RUNPATH_SEARCH_PATHS = (
					"$(inherited)",
					"@executable_path/Frameworks",
				);
				PRODUCT_BUNDLE_IDENTIFIER = "com.martinkimdungpham.rorschach-example";
				PRODUCT_NAME = "$(TARGET_NAME)";
				SWIFT_VERSION = 5.0;
				TARGETED_DEVICE_FAMILY = "1,2";
			};
			name = Debug;
		};
		3B8FBFA1263D8A190041E7F1 /* Release */ = {
			isa = XCBuildConfiguration;
			buildSettings = {
				ASSETCATALOG_COMPILER_APPICON_NAME = AppIcon;
				ASSETCATALOG_COMPILER_GLOBAL_ACCENT_COLOR_NAME = AccentColor;
				CODE_SIGN_STYLE = Automatic;
				DEVELOPMENT_ASSET_PATHS = "\"rorschach-example/Preview Content\"";
				ENABLE_PREVIEWS = YES;
				INFOPLIST_FILE = "rorschach-example/Info.plist";
				IPHONEOS_DEPLOYMENT_TARGET = 14.0;
				LD_RUNPATH_SEARCH_PATHS = (
					"$(inherited)",
					"@executable_path/Frameworks",
				);
				PRODUCT_BUNDLE_IDENTIFIER = "com.martinkimdungpham.rorschach-example";
				PRODUCT_NAME = "$(TARGET_NAME)";
				SWIFT_VERSION = 5.0;
				TARGETED_DEVICE_FAMILY = "1,2";
			};
			name = Release;
		};
		3B8FBFA3263D8A190041E7F1 /* Debug */ = {
			isa = XCBuildConfiguration;
			buildSettings = {
				ALWAYS_EMBED_SWIFT_STANDARD_LIBRARIES = YES;
				BUNDLE_LOADER = "$(TEST_HOST)";
				CODE_SIGN_STYLE = Automatic;
				INFOPLIST_FILE = "rorschach-exampleTests/Info.plist";
				IPHONEOS_DEPLOYMENT_TARGET = 14.0;
				LD_RUNPATH_SEARCH_PATHS = (
					"$(inherited)",
					"@executable_path/Frameworks",
					"@loader_path/Frameworks",
				);
				PRODUCT_BUNDLE_IDENTIFIER = "com.martinkimdungpham.rorschach-exampleTests";
				PRODUCT_NAME = "$(TARGET_NAME)";
				SWIFT_VERSION = 5.0;
				TARGETED_DEVICE_FAMILY = "1,2";
				TEST_HOST = "$(BUILT_PRODUCTS_DIR)/rorschach-example.app/rorschach-example";
			};
			name = Debug;
		};
		3B8FBFA4263D8A190041E7F1 /* Release */ = {
			isa = XCBuildConfiguration;
			buildSettings = {
				ALWAYS_EMBED_SWIFT_STANDARD_LIBRARIES = YES;
				BUNDLE_LOADER = "$(TEST_HOST)";
				CODE_SIGN_STYLE = Automatic;
				INFOPLIST_FILE = "rorschach-exampleTests/Info.plist";
				IPHONEOS_DEPLOYMENT_TARGET = 14.0;
				LD_RUNPATH_SEARCH_PATHS = (
					"$(inherited)",
					"@executable_path/Frameworks",
					"@loader_path/Frameworks",
				);
				PRODUCT_BUNDLE_IDENTIFIER = "com.martinkimdungpham.rorschach-exampleTests";
				PRODUCT_NAME = "$(TARGET_NAME)";
				SWIFT_VERSION = 5.0;
				TARGETED_DEVICE_FAMILY = "1,2";
				TEST_HOST = "$(BUILT_PRODUCTS_DIR)/rorschach-example.app/rorschach-example";
			};
			name = Release;
		};
		3B8FBFA6263D8A190041E7F1 /* Debug */ = {
			isa = XCBuildConfiguration;
			buildSettings = {
				ALWAYS_EMBED_SWIFT_STANDARD_LIBRARIES = YES;
				CODE_SIGN_STYLE = Automatic;
				INFOPLIST_FILE = "rorschach-exampleUITests/Info.plist";
				LD_RUNPATH_SEARCH_PATHS = (
					"$(inherited)",
					"@executable_path/Frameworks",
					"@loader_path/Frameworks",
				);
				PRODUCT_BUNDLE_IDENTIFIER = "com.martinkimdungpham.rorschach-exampleUITests";
				PRODUCT_NAME = "$(TARGET_NAME)";
				SWIFT_VERSION = 5.0;
				TARGETED_DEVICE_FAMILY = "1,2";
				TEST_TARGET_NAME = "rorschach-example";
			};
			name = Debug;
		};
		3B8FBFA7263D8A190041E7F1 /* Release */ = {
			isa = XCBuildConfiguration;
			buildSettings = {
				ALWAYS_EMBED_SWIFT_STANDARD_LIBRARIES = YES;
				CODE_SIGN_STYLE = Automatic;
				INFOPLIST_FILE = "rorschach-exampleUITests/Info.plist";
				LD_RUNPATH_SEARCH_PATHS = (
					"$(inherited)",
					"@executable_path/Frameworks",
					"@loader_path/Frameworks",
				);
				PRODUCT_BUNDLE_IDENTIFIER = "com.martinkimdungpham.rorschach-exampleUITests";
				PRODUCT_NAME = "$(TARGET_NAME)";
				SWIFT_VERSION = 5.0;
				TARGETED_DEVICE_FAMILY = "1,2";
				TEST_TARGET_NAME = "rorschach-example";
			};
			name = Release;
		};
/* End XCBuildConfiguration section */

/* Begin XCConfigurationList section */
		3B8FBF75263D8A180041E7F1 /* Build configuration list for PBXProject "rorschach-example" */ = {
			isa = XCConfigurationList;
			buildConfigurations = (
				3B8FBF9D263D8A190041E7F1 /* Debug */,
				3B8FBF9E263D8A190041E7F1 /* Release */,
			);
			defaultConfigurationIsVisible = 0;
			defaultConfigurationName = Release;
		};
		3B8FBF9F263D8A190041E7F1 /* Build configuration list for PBXNativeTarget "rorschach-example" */ = {
			isa = XCConfigurationList;
			buildConfigurations = (
				3B8FBFA0263D8A190041E7F1 /* Debug */,
				3B8FBFA1263D8A190041E7F1 /* Release */,
			);
			defaultConfigurationIsVisible = 0;
			defaultConfigurationName = Release;
		};
		3B8FBFA2263D8A190041E7F1 /* Build configuration list for PBXNativeTarget "rorschach-exampleTests" */ = {
			isa = XCConfigurationList;
			buildConfigurations = (
				3B8FBFA3263D8A190041E7F1 /* Debug */,
				3B8FBFA4263D8A190041E7F1 /* Release */,
			);
			defaultConfigurationIsVisible = 0;
			defaultConfigurationName = Release;
		};
		3B8FBFA5263D8A190041E7F1 /* Build configuration list for PBXNativeTarget "rorschach-exampleUITests" */ = {
			isa = XCConfigurationList;
			buildConfigurations = (
				3B8FBFA6263D8A190041E7F1 /* Debug */,
				3B8FBFA7263D8A190041E7F1 /* Release */,
			);
			defaultConfigurationIsVisible = 0;
			defaultConfigurationName = Release;
		};
/* End XCConfigurationList section */

/* Begin XCRemoteSwiftPackageReference section */
		3B8FBFA8263D8A6F0041E7F1 /* XCRemoteSwiftPackageReference "rorschach" */ = {
			isa = XCRemoteSwiftPackageReference;
			repositoryURL = "https://github.com/q231950/rorschach.git";
			requirement = {
				branch = main;
				kind = branch;
			};
		};
/* End XCRemoteSwiftPackageReference section */

/* Begin XCSwiftPackageProductDependency section */
		3B8FBFA9263D8A6F0041E7F1 /* Rorschach */ = {
			isa = XCSwiftPackageProductDependency;
			package = 3B8FBFA8263D8A6F0041E7F1 /* XCRemoteSwiftPackageReference "rorschach" */;
			productName = Rorschach;
		};
/* End XCSwiftPackageProductDependency section */
	};
	rootObject = 3B8FBF72263D8A180041E7F1 /* Project object */;
}
